<?xml version="1.0" encoding="utf-8"?>
<Project ToolsVersion="4.0" xmlns="http://schemas.microsoft.com/developer/msbuild/2003">
  <ItemGroup>
    <Filter Include="소스 파일">
      <UniqueIdentifier>{4FC737F1-C7A5-4376-A066-2A32D752A2FF}</UniqueIdentifier>
      <Extensions>cpp;c;cc;cxx;c++;cppm;ixx;def;odl;idl;hpj;bat;asm;asmx</Extensions>
    </Filter>
    <Filter Include="리소스 파일">
      <UniqueIdentifier>{67DA6AB6-F800-4c08-8B7A-83BB121AAD01}</UniqueIdentifier>
      <Extensions>rc;ico;cur;bmp;dlg;rc2;rct;bin;rgs;gif;jpg;jpeg;jpe;resx;tiff;tif;png;wav;mfcribbon-ms</Extensions>
    </Filter>
  </ItemGroup>
  <ItemGroup>
    <ClCompile Include="src\asemodel.cpp">
      <Filter>소스 파일</Filter>
    </ClCompile>
    <ClCompile Include="src\bmp.cpp">
      <Filter>소스 파일</Filter>
    </ClCompile>
    <ClCompile Include="src\dibsection.cpp">
      <Filter>소스 파일</Filter>
    </ClCompile>
    <ClCompile Include="src\fileopen.cpp">
      <Filter>소스 파일</Filter>
    </ClCompile>
    <ClCompile Include="src\graphics.cpp">
      <Filter>소스 파일</Filter>
    </ClCompile>
    <ClCompile Include="src\matrix2.cpp">
      <Filter>소스 파일</Filter>
    </ClCompile>
    <ClCompile Include="src\matrix3.cpp">
      <Filter>소스 파일</Filter>
    </ClCompile>
    <ClCompile Include="src\matrix4.cpp">
      <Filter>소스 파일</Filter>
    </ClCompile>
    <ClCompile Include="src\mesh.cpp">
      <Filter>소스 파일</Filter>
    </ClCompile>
    <ClCompile Include="src\model.cpp">
      <Filter>소스 파일</Filter>
    </ClCompile>
    <ClCompile Include="src\raster.cpp">
      <Filter>소스 파일</Filter>
    </ClCompile>
    <ClCompile Include="src\renbuffer.cpp">
      <Filter>소스 파일</Filter>
    </ClCompile>
    <ClCompile Include="src\soft3dapp.cpp">
      <Filter>소스 파일</Filter>
    </ClCompile>
    <ClCompile Include="src\stdafx.cpp">
      <Filter>소스 파일</Filter>
    </ClCompile>
    <ClCompile Include="src\texmanager.cpp">
      <Filter>소스 파일</Filter>
    </ClCompile>
    <ClCompile Include="src\texture.cpp">
      <Filter>소스 파일</Filter>
    </ClCompile>
    <ClCompile Include="src\transform.cpp">
      <Filter>소스 파일</Filter>
    </ClCompile>
    <ClCompile Include="src\vector2.cpp">
      <Filter>소스 파일</Filter>
    </ClCompile>
    <ClCompile Include="src\vector3.cpp">
      <Filter>소스 파일</Filter>
    </ClCompile>
    <ClCompile Include="src\vector4.cpp">
      <Filter>소스 파일</Filter>
    </ClCompile>
    <ClCompile Include="src\winmain.cpp">
      <Filter>소스 파일</Filter>
    </ClCompile>
  </ItemGroup>
  <ItemGroup>
    <ClInclude Include="src\asemodel.h">
      <Filter>소스 파일</Filter>
    </ClInclude>
    <ClInclude Include="src\bmp.h">
      <Filter>소스 파일</Filter>
    </ClInclude>
    <ClInclude Include="src\dibsection.h">
      <Filter>소스 파일</Filter>
    </ClInclude>
    <ClInclude Include="src\fileopen.h">
      <Filter>소스 파일</Filter>
    </ClInclude>
    <ClInclude Include="src\graphics.h">
      <Filter>소스 파일</Filter>
    </ClInclude>
    <ClInclude Include="src\light.h">
      <Filter>소스 파일</Filter>
    </ClInclude>
    <ClInclude Include="src\material.h">
      <Filter>소스 파일</Filter>
    </ClInclude>
    <ClInclude Include="src\matmanager.h">
      <Filter>소스 파일</Filter>
    </ClInclude>
    <ClInclude Include="src\matrix.h">
      <Filter>소스 파일</Filter>
    </ClInclude>
    <ClInclude Include="src\matrix2.h">
      <Filter>소스 파일</Filter>
    </ClInclude>
    <ClInclude Include="src\matrix3.h">
      <Filter>소스 파일</Filter>
    </ClInclude>
    <ClInclude Include="src\matrix4.h">
      <Filter>소스 파일</Filter>
    </ClInclude>
    <ClInclude Include="src\mesh.h">
      <Filter>소스 파일</Filter>
    </ClInclude>
    <ClInclude Include="src\model.h">
      <Filter>소스 파일</Filter>
    </ClInclude>
    <ClInclude Include="src\raster.h">
      <Filter>소스 파일</Filter>
    </ClInclude>
    <ClInclude Include="src\renbuffer.h">
      <Filter>소스 파일</Filter>
    </ClInclude>
    <ClInclude Include="src\soft3d_private.h">
      <Filter>소스 파일</Filter>
    </ClInclude>
    <ClInclude Include="src\soft3dapp.h">
      <Filter>소스 파일</Filter>
    </ClInclude>
    <ClInclude Include="src\soft3dres.h">
      <Filter>소스 파일</Filter>
    </ClInclude>
    <ClInclude Include="src\stdafx.h">
      <Filter>소스 파일</Filter>
    </ClInclude>
    <ClInclude Include="src\texmanager.h">
      <Filter>소스 파일</Filter>
    </ClInclude>
    <ClInclude Include="src\texture.h">
      <Filter>소스 파일</Filter>
    </ClInclude>
    <ClInclude Include="src\transform.h">
      <Filter>소스 파일</Filter>
    </ClInclude>
    <ClInclude Include="src\util.h">
      <Filter>소스 파일</Filter>
    </ClInclude>
    <ClInclude Include="src\vector.h">
      <Filter>소스 파일</Filter>
    </ClInclude>
    <ClInclude Include="src\vector2.h">
      <Filter>소스 파일</Filter>
    </ClInclude>
    <ClInclude Include="src\vector3.h">
      <Filter>소스 파일</Filter>
    </ClInclude>
    <ClInclude Include="src\vector4.h">
      <Filter>소스 파일</Filter>
    </ClInclude>
    <ClInclude Include="src\vertex.h">
      <Filter>소스 파일</Filter>
    </ClInclude>
  </ItemGroup>
</Project>